
Microsoft Visual Studio Solution File, Format Version 12.00
# Visual Studio Version 17
VisualStudioVersion = 17.9.34902.65
MinimumVisualStudioVersion = 10.0.40219.1
Project("{FAE04EC0-301F-11D3-BF4B-00C04F79EFBC}") = "TabViewControl", "TabViewControl.csproj", "{EFDD0CFD-758F-45F5-A108-2DCDD421466C}"
EndProject
Global
	GlobalSection(SolutionConfigurationPlatforms) = preSolution
		Debug|Any CPU = Debug|Any CPU
		Release|Any CPU = Release|Any CPU
	EndGlobalSection
	GlobalSection(ProjectConfigurationPlatforms) = postSolution
		{EFDD0CFD-758F-45F5-A108-2DCDD421466C}.Debug|Any CPU.ActiveCfg = Debug|Any CPU
		{EFDD0CFD-758F-45F5-A108-2DCDD421466C}.Debug|Any CPU.Build.0 = Debug|Any CPU
		{EFDD0CFD-758F-45F5-A108-2DCDD421466C}.Debug|Any CPU.Deploy.0 = Debug|Any CPU
		{EFDD0CFD-758F-45F5-A108-2DCDD421466C}.Release|Any CPU.ActiveCfg = Release|Any CPU
		{EFDD0CFD-758F-45F5-A108-2DCDD421466C}.Release|Any CPU.Build.0 = Release|Any CPU
		{EFDD0CFD-758F-45F5-A108-2DCDD421466C}.Release|Any CPU.Deploy.0 = Release|Any CPU
	EndGlobalSection
	GlobalSection(SolutionProperties) = preSolution
		HideSolutionNode = FALSE
	EndGlobalSection
	GlobalSection(ExtensibilityGlobals) = postSolution
		SolutionGuid = {6FE235DE-A1F0-441B-A856-4A55C2008EE1}
	EndGlobalSection
EndGlobal
